# THIS IS AN AUTOGENERATED FILE. DO NOT EDIT THIS FILE DIRECTLY.
# yarn lockfile v1


himalaya@^0.2.8:
  version "0.2.13"
  resolved "https://registry.yarnpkg.com/himalaya/-/himalaya-0.2.13.tgz#a5ec6a576303eecef53f51996a29088683a90bc2"
  integrity sha512-usGt10kD1/52q26/f50kk2iukv8LsVs3YtHxaQLAimanDY4U2VyYr0+VddSltmjf2iRl5LqQ5m/VObUtehwcJg==
  dependencies:
    paul "0.0.3"

moon-component-compiler@^0.1.4:
  version "0.1.4"
  resolved "https://registry.yarnpkg.com/moon-component-compiler/-/moon-component-compiler-0.1.4.tgz#c7f87d1cc2f81cbc2e18bd8c550ec9e451e8787a"
  integrity sha512-ztllCr0sSE3ZWiJbrXg299ePhPge+4gSqViPqi1xsHm4iH15nZX1UzUeL0bB3PDb3vgxrB4Y9W6fjlF1XZczDQ==
  dependencies:
    himalaya "^0.2.8"

paul@0.0.3:
  version "0.0.3"
  resolved "https://registry.yarnpkg.com/paul/-/paul-0.0.3.tgz#7fbef33df6936c050cb7e9c00c22cbd110b7bb4f"
  integrity sha1-f77zPfaTbAUMt+nADCLL0RC3u08=
